
Microsoft Visual Studio Solution File, Format Version 12.00
# Visual Studio Version 16
VisualStudioVersion = 16.0.33214.272
MinimumVisualStudioVersion = 10.0.40219.1
Project("{8BC9CEB8-8B4A-11D0-8D11-00A0C91BC942}") = "Windows0001", "Windows0001\Windows0001.vcxproj", "{A55815F5-2D20-422C-AF0F-0A8B0F1ADB17}"
EndProject
Project("{8BC9CEB8-8B4A-11D0-8D11-00A0C91BC942}") = "DCP", "DCP\DCP.vcxproj", "{7A3E6D86-2128-499B-903C-69498B6CFAE9}"
EndProject
Global
	GlobalSection(SolutionConfigurationPlatforms) = preSolution
		Debug|x64 = Debug|x64
		Debug|x86 = Debug|x86
		Release|x64 = Release|x64
		Release|x86 = Release|x86
	EndGlobalSection
	GlobalSection(ProjectConfigurationPlatforms) = postSolution
		{A55815F5-2D20-422C-AF0F-0A8B0F1ADB17}.Debug|x64.ActiveCfg = Debug|x64
		{A55815F5-2D20-422C-AF0F-0A8B0F1ADB17}.Debug|x64.Build.0 = Debug|x64
		{A55815F5-2D20-422C-AF0F-0A8B0F1ADB17}.Debug|x86.ActiveCfg = Debug|Win32
		{A55815F5-2D20-422C-AF0F-0A8B0F1ADB17}.Debug|x86.Build.0 = Debug|Win32
		{A55815F5-2D20-422C-AF0F-0A8B0F1ADB17}.Release|x64.ActiveCfg = Release|x64
		{A55815F5-2D20-422C-AF0F-0A8B0F1ADB17}.Release|x64.Build.0 = Release|x64
		{A55815F5-2D20-422C-AF0F-0A8B0F1ADB17}.Release|x86.ActiveCfg = Release|Win32
		{A55815F5-2D20-422C-AF0F-0A8B0F1ADB17}.Release|x86.Build.0 = Release|Win32
		{7A3E6D86-2128-499B-903C-69498B6CFAE9}.Debug|x64.ActiveCfg = Debug|x64
		{7A3E6D86-2128-499B-903C-69498B6CFAE9}.Debug|x64.Build.0 = Debug|x64
		{7A3E6D86-2128-499B-903C-69498B6CFAE9}.Debug|x86.ActiveCfg = Debug|Win32
		{7A3E6D86-2128-499B-903C-69498B6CFAE9}.Debug|x86.Build.0 = Debug|Win32
		{7A3E6D86-2128-499B-903C-69498B6CFAE9}.Release|x64.ActiveCfg = Release|x64
		{7A3E6D86-2128-499B-903C-69498B6CFAE9}.Release|x64.Build.0 = Release|x64
		{7A3E6D86-2128-499B-903C-69498B6CFAE9}.Release|x86.ActiveCfg = Release|Win32
		{7A3E6D86-2128-499B-903C-69498B6CFAE9}.Release|x86.Build.0 = Release|Win32
	EndGlobalSection
	GlobalSection(SolutionProperties) = preSolution
		HideSolutionNode = FALSE
	EndGlobalSection
	GlobalSection(ExtensibilityGlobals) = postSolution
		SolutionGuid = {FDC346C7-16A1-49CC-99D1-9AF28D17A380}
	EndGlobalSection
EndGlobal
